
Microsoft Visual Studio Solution File, Format Version 12.00
# Visual Studio Version 17
VisualStudioVersion = 17.0.31903.59
MinimumVisualStudioVersion = 10.0.40219.1
Project("{FAE04EC0-301F-11D3-BF4B-00C04F79EFBC}") = "Day01", "Day01\Day01.csproj", "{C72F08E6-EEAC-4CBB-BD6D-00AA45070A4C}"
EndProject
Project("{FAE04EC0-301F-11D3-BF4B-00C04F79EFBC}") = "Day02", "Day02\Day02.csproj", "{071A5A5D-2F2B-4441-8D07-3FFF3E22835E}"
EndProject
Project("{FAE04EC0-301F-11D3-BF4B-00C04F79EFBC}") = "Day03", "Day03\Day03.csproj", "{9C33A935-7467-4214-AE1B-1F84E89AA229}"
EndProject
Project("{FAE04EC0-301F-11D3-BF4B-00C04F79EFBC}") = "Day04", "Day04\Day04.csproj", "{F76B72DA-29A6-4737-A3BA-6662A5BF6D3E}"
EndProject
Global
	GlobalSection(SolutionConfigurationPlatforms) = preSolution
		Debug|Any CPU = Debug|Any CPU
		Release|Any CPU = Release|Any CPU
	EndGlobalSection
	GlobalSection(SolutionProperties) = preSolution
		HideSolutionNode = FALSE
	EndGlobalSection
	GlobalSection(ProjectConfigurationPlatforms) = postSolution
		{C72F08E6-EEAC-4CBB-BD6D-00AA45070A4C}.Debug|Any CPU.ActiveCfg = Debug|Any CPU
		{C72F08E6-EEAC-4CBB-BD6D-00AA45070A4C}.Debug|Any CPU.Build.0 = Debug|Any CPU
		{C72F08E6-EEAC-4CBB-BD6D-00AA45070A4C}.Release|Any CPU.ActiveCfg = Release|Any CPU
		{C72F08E6-EEAC-4CBB-BD6D-00AA45070A4C}.Release|Any CPU.Build.0 = Release|Any CPU
		{071A5A5D-2F2B-4441-8D07-3FFF3E22835E}.Debug|Any CPU.ActiveCfg = Debug|Any CPU
		{071A5A5D-2F2B-4441-8D07-3FFF3E22835E}.Debug|Any CPU.Build.0 = Debug|Any CPU
		{071A5A5D-2F2B-4441-8D07-3FFF3E22835E}.Release|Any CPU.ActiveCfg = Release|Any CPU
		{071A5A5D-2F2B-4441-8D07-3FFF3E22835E}.Release|Any CPU.Build.0 = Release|Any CPU
		{9C33A935-7467-4214-AE1B-1F84E89AA229}.Debug|Any CPU.ActiveCfg = Debug|Any CPU
		{9C33A935-7467-4214-AE1B-1F84E89AA229}.Debug|Any CPU.Build.0 = Debug|Any CPU
		{9C33A935-7467-4214-AE1B-1F84E89AA229}.Release|Any CPU.ActiveCfg = Release|Any CPU
		{9C33A935-7467-4214-AE1B-1F84E89AA229}.Release|Any CPU.Build.0 = Release|Any CPU
		{F76B72DA-29A6-4737-A3BA-6662A5BF6D3E}.Debug|Any CPU.ActiveCfg = Debug|Any CPU
		{F76B72DA-29A6-4737-A3BA-6662A5BF6D3E}.Debug|Any CPU.Build.0 = Debug|Any CPU
		{F76B72DA-29A6-4737-A3BA-6662A5BF6D3E}.Release|Any CPU.ActiveCfg = Release|Any CPU
		{F76B72DA-29A6-4737-A3BA-6662A5BF6D3E}.Release|Any CPU.Build.0 = Release|Any CPU
	EndGlobalSection
EndGlobal
